
Microsoft Visual Studio Solution File, Format Version 12.00
# Visual Studio Version 16
VisualStudioVersion = 16.0.28803.452
MinimumVisualStudioVersion = 10.0.40219.1
Project("{FAE04EC0-301F-11D3-BF4B-00C04F79EFBC}") = "SetIcon", "SetIcon.csproj", "{29FB8443-B391-433B-B627-0A84FE8F97BC}"
EndProject
Global
	GlobalSection(SolutionConfigurationPlatforms) = preSolution
		Debug|Any CPU = Debug|Any CPU
		Release|Any CPU = Release|Any CPU
	EndGlobalSection
	GlobalSection(ProjectConfigurationPlatforms) = postSolution
		{29FB8443-B391-433B-B627-0A84FE8F97BC}.Debug|Any CPU.ActiveCfg = Debug|Any CPU
		{29FB8443-B391-433B-B627-0A84FE8F97BC}.Debug|Any CPU.Build.0 = Debug|Any CPU
		{29FB8443-B391-433B-B627-0A84FE8F97BC}.Release|Any CPU.ActiveCfg = Release|Any CPU
		{29FB8443-B391-433B-B627-0A84FE8F97BC}.Release|Any CPU.Build.0 = Release|Any CPU
	EndGlobalSection
	GlobalSection(SolutionProperties) = preSolution
		HideSolutionNode = FALSE
	EndGlobalSection
	GlobalSection(ExtensibilityGlobals) = postSolution
		SolutionGuid = {8A98D252-C91E-4881-BB81-C8F23BB642C4}
	EndGlobalSection
EndGlobal
